{
  "originHash" : "24698f4d6510b247c0b387b41727039e4d4fae499732444567afbce27dd74c20",
  "pins" : [
    {
      "identity" : "cairo",
      "kind" : "remoteSourceControl",
      "location" : "https://github.com/PureSwift/Cairo.git",
      "state" : {
        "branch" : "master",
        "revision" : "646b2104cf9d2b7b111bad1cd17a3fd27d77b5b4"
      }
    },
    {
      "identity" : "fontconfig",
      "kind" : "remoteSourceControl",
      "location" : "https://github.com/PureSwift/FontConfig.git",
      "state" : {
        "branch" : "master",
        "revision" : "02b7b628cfff1406731dde5e912e020f0f6f00c1"
      }
    },
    {
      "identity" : "sdl",
      "kind" : "remoteSourceControl",
      "location" : "https://github.com/PureSwift/SDL.git",
      "state" : {
        "branch" : "master",
        "revision" : "718c2b343a6102d769d6ab3a20f3891e320c0718"
      }
    },
    {
      "identity" : "silica",
      "kind" : "remoteSourceControl",
      "location" : "https://github.com/PureSwift/Silica.git",
      "state" : {
        "branch" : "master",
        "revision" : "16f8c29153b2081f874bdd971a1228a6ec5c6cbf"
      }
    }
  ],
  "version" : 3
}
